{
  "requires": true,
  "lockfileVersion": 1,
  "dependencies": {
    "cordova-plugin-device": {
      "version": "git+https://github.com/apache/cordova-plugin-device.git#2d12d550ad978ebde1f84d50ed2dc8d4bd58d0df",
      "from": "git+https://github.com/apache/cordova-plugin-device.git"
    },
    "phonegap-plugin-mobile-accessibility": {
      "version": "git+https://github.com/phonegap/phonegap-mobile-accessibility.git#e9821054c38fb203c3fe632bd7bbaa02ca56e544",
      "from": "git+https://github.com/phonegap/phonegap-mobile-accessibility.git"
    }
  }
}
